Microsoft Visual Studio Solution File, Format Version 12.00
# Visual Studio Version 17
VisualStudioVersion = 17.5.2.0
MinimumVisualStudioVersion = 10.0.40219.1
Project("{2150E333-8FDC-42A3-9474-1A3956D46DE8}") = "unity-DESYNC", "unity-DESYNC", "{350B7E2B-787F-C3A9-7378-809761C3CCDB}"
EndProject
Project("{FAE04EC0-301F-11D3-BF4B-00C04F79EFBC}") = "Assembly-CSharp-Editor", "unity-DESYNC\Assembly-CSharp-Editor.csproj", "{0A30E430-8317-69C5-478E-8DCE02E7FA1C}"
EndProject
Project("{FAE04EC0-301F-11D3-BF4B-00C04F79EFBC}") = "Assembly-CSharp", "unity-DESYNC\Assembly-CSharp.csproj", "{7CF598E9-43C9-0D8E-03EB-4F47E1345DC7}"
EndProject
Project("{FAE04EC0-301F-11D3-BF4B-00C04F79EFBC}") = "Desync.Tests.EditMode", "unity-DESYNC\Desync.Tests.EditMode.csproj", "{210EEEB7-54E2-3F74-A1EB-5AF56F58D15E}"
EndProject
Project("{2150E333-8FDC-42A3-9474-1A3956D46DE8}") = "Library", "Library", "{EAFD9E38-E0D0-79B6-48F0-C88A4BA10AB7}"
EndProject
Project("{2150E333-8FDC-42A3-9474-1A3956D46DE8}") = "VP", "VP", "{93530AEB-FEE9-98E5-293C-E9EDBB8B5750}"
EndProject
Project("{2150E333-8FDC-42A3-9474-1A3956D46DE8}") = "mppmd6ead21e", "mppmd6ead21e", "{5216152A-39F0-E5A3-A2DE-28D804D6E9E3}"
EndProject
Project("{FAE04EC0-301F-11D3-BF4B-00C04F79EFBC}") = "Assembly-CSharp", "unity-DESYNC\Library\VP\mppmd6ead21e\Assembly-CSharp.csproj", "{B4436789-80E5-E03F-B5B7-8256B178B0C2}"
EndProject
Project("{FAE04EC0-301F-11D3-BF4B-00C04F79EFBC}") = "Desync.Tests.EditMode", "unity-DESYNC\Library\VP\mppmd6ead21e\Desync.Tests.EditMode.csproj", "{D0A5AB7C-2270-1C3E-89E9-17844FD5718E}"
EndProject
Global
	GlobalSection(SolutionConfigurationPlatforms) = preSolution
		Debug|Any CPU = Debug|Any CPU
		Release|Any CPU = Release|Any CPU
	EndGlobalSection
	GlobalSection(ProjectConfigurationPlatforms) = postSolution
		{0A30E430-8317-69C5-478E-8DCE02E7FA1C}.Debug|Any CPU.ActiveCfg = Debug|Any CPU
		{0A30E430-8317-69C5-478E-8DCE02E7FA1C}.Debug|Any CPU.Build.0 = Debug|Any CPU
		{0A30E430-8317-69C5-478E-8DCE02E7FA1C}.Release|Any CPU.ActiveCfg = Release|Any CPU
		{0A30E430-8317-69C5-478E-8DCE02E7FA1C}.Release|Any CPU.Build.0 = Release|Any CPU
		{7CF598E9-43C9-0D8E-03EB-4F47E1345DC7}.Debug|Any CPU.ActiveCfg = Debug|Any CPU
		{7CF598E9-43C9-0D8E-03EB-4F47E1345DC7}.Debug|Any CPU.Build.0 = Debug|Any CPU
		{7CF598E9-43C9-0D8E-03EB-4F47E1345DC7}.Release|Any CPU.ActiveCfg = Release|Any CPU
		{7CF598E9-43C9-0D8E-03EB-4F47E1345DC7}.Release|Any CPU.Build.0 = Release|Any CPU
		{210EEEB7-54E2-3F74-A1EB-5AF56F58D15E}.Debug|Any CPU.ActiveCfg = Debug|Any CPU
		{210EEEB7-54E2-3F74-A1EB-5AF56F58D15E}.Debug|Any CPU.Build.0 = Debug|Any CPU
		{210EEEB7-54E2-3F74-A1EB-5AF56F58D15E}.Release|Any CPU.ActiveCfg = Release|Any CPU
		{210EEEB7-54E2-3F74-A1EB-5AF56F58D15E}.Release|Any CPU.Build.0 = Release|Any CPU
		{B4436789-80E5-E03F-B5B7-8256B178B0C2}.Debug|Any CPU.ActiveCfg = Debug|Any CPU
		{B4436789-80E5-E03F-B5B7-8256B178B0C2}.Debug|Any CPU.Build.0 = Debug|Any CPU
		{B4436789-80E5-E03F-B5B7-8256B178B0C2}.Release|Any CPU.ActiveCfg = Release|Any CPU
		{B4436789-80E5-E03F-B5B7-8256B178B0C2}.Release|Any CPU.Build.0 = Release|Any CPU
		{D0A5AB7C-2270-1C3E-89E9-17844FD5718E}.Debug|Any CPU.ActiveCfg = Debug|Any CPU
		{D0A5AB7C-2270-1C3E-89E9-17844FD5718E}.Debug|Any CPU.Build.0 = Debug|Any CPU
		{D0A5AB7C-2270-1C3E-89E9-17844FD5718E}.Release|Any CPU.ActiveCfg = Release|Any CPU
		{D0A5AB7C-2270-1C3E-89E9-17844FD5718E}.Release|Any CPU.Build.0 = Release|Any CPU
	EndGlobalSection
	GlobalSection(SolutionProperties) = preSolution
		HideSolutionNode = FALSE
	EndGlobalSection
	GlobalSection(NestedProjects) = preSolution
		{0A30E430-8317-69C5-478E-8DCE02E7FA1C} = {350B7E2B-787F-C3A9-7378-809761C3CCDB}
		{7CF598E9-43C9-0D8E-03EB-4F47E1345DC7} = {350B7E2B-787F-C3A9-7378-809761C3CCDB}
		{210EEEB7-54E2-3F74-A1EB-5AF56F58D15E} = {350B7E2B-787F-C3A9-7378-809761C3CCDB}
		{EAFD9E38-E0D0-79B6-48F0-C88A4BA10AB7} = {350B7E2B-787F-C3A9-7378-809761C3CCDB}
		{93530AEB-FEE9-98E5-293C-E9EDBB8B5750} = {EAFD9E38-E0D0-79B6-48F0-C88A4BA10AB7}
		{5216152A-39F0-E5A3-A2DE-28D804D6E9E3} = {93530AEB-FEE9-98E5-293C-E9EDBB8B5750}
		{B4436789-80E5-E03F-B5B7-8256B178B0C2} = {5216152A-39F0-E5A3-A2DE-28D804D6E9E3}
		{D0A5AB7C-2270-1C3E-89E9-17844FD5718E} = {5216152A-39F0-E5A3-A2DE-28D804D6E9E3}
	EndGlobalSection
	GlobalSection(ExtensibilityGlobals) = postSolution
		SolutionGuid = {AE08D48F-62D7-4B62-8037-893B51C94BD9}
	EndGlobalSection
EndGlobal
